
Microsoft Visual Studio Solution File, Format Version 12.00
# Visual Studio Version 17
VisualStudioVersion = 17.12.35527.113 d17.12
MinimumVisualStudioVersion = 10.0.40219.1
Project("{FAE04EC0-301F-11D3-BF4B-00C04F79EFBC}") = "BasicStackOperations", "BasicStackOperations\BasicStackOperations.csproj", "{E3BCFE99-56D1-4195-BFD9-44AA57C5ECBA}"
EndProject
Project("{FAE04EC0-301F-11D3-BF4B-00C04F79EFBC}") = "BasicQueueOperations", "BasicQueueOperations\BasicQueueOperations.csproj", "{A5BE9AE6-0BEF-4F56-BB0F-E52CF63EC541}"
EndProject
Project("{FAE04EC0-301F-11D3-BF4B-00C04F79EFBC}") = "MaximumAndMinimumElement", "MaximumAndMinimumElement\MaximumAndMinimumElement.csproj", "{7DE71243-B9E9-4BA0-ADB9-8D343872FC78}"
EndProject
Global
	GlobalSection(SolutionConfigurationPlatforms) = preSolution
		Debug|Any CPU = Debug|Any CPU
		Release|Any CPU = Release|Any CPU
	EndGlobalSection
	GlobalSection(ProjectConfigurationPlatforms) = postSolution
		{E3BCFE99-56D1-4195-BFD9-44AA57C5ECBA}.Debug|Any CPU.ActiveCfg = Debug|Any CPU
		{E3BCFE99-56D1-4195-BFD9-44AA57C5ECBA}.Debug|Any CPU.Build.0 = Debug|Any CPU
		{E3BCFE99-56D1-4195-BFD9-44AA57C5ECBA}.Release|Any CPU.ActiveCfg = Release|Any CPU
		{E3BCFE99-56D1-4195-BFD9-44AA57C5ECBA}.Release|Any CPU.Build.0 = Release|Any CPU
		{A5BE9AE6-0BEF-4F56-BB0F-E52CF63EC541}.Debug|Any CPU.ActiveCfg = Debug|Any CPU
		{A5BE9AE6-0BEF-4F56-BB0F-E52CF63EC541}.Debug|Any CPU.Build.0 = Debug|Any CPU
		{A5BE9AE6-0BEF-4F56-BB0F-E52CF63EC541}.Release|Any CPU.ActiveCfg = Release|Any CPU
		{A5BE9AE6-0BEF-4F56-BB0F-E52CF63EC541}.Release|Any CPU.Build.0 = Release|Any CPU
		{7DE71243-B9E9-4BA0-ADB9-8D343872FC78}.Debug|Any CPU.ActiveCfg = Debug|Any CPU
		{7DE71243-B9E9-4BA0-ADB9-8D343872FC78}.Debug|Any CPU.Build.0 = Debug|Any CPU
		{7DE71243-B9E9-4BA0-ADB9-8D343872FC78}.Release|Any CPU.ActiveCfg = Release|Any CPU
		{7DE71243-B9E9-4BA0-ADB9-8D343872FC78}.Release|Any CPU.Build.0 = Release|Any CPU
	EndGlobalSection
	GlobalSection(SolutionProperties) = preSolution
		HideSolutionNode = FALSE
	EndGlobalSection
EndGlobal
